
Microsoft Visual Studio Solution File, Format Version 12.00
# Visual Studio Version 16
VisualStudioVersion = 16.0.31321.278
MinimumVisualStudioVersion = 10.0.40219.1
Project("{FAE04EC0-301F-11D3-BF4B-00C04F79EFBC}") = "TechTree", "TechTree.csproj", "{3298C036-2C66-4445-8388-086A9DC290F0}"
EndProject
Global
	GlobalSection(SolutionConfigurationPlatforms) = preSolution
		Debug|Any CPU = Debug|Any CPU
		Release|Any CPU = Release|Any CPU
	EndGlobalSection
	GlobalSection(ProjectConfigurationPlatforms) = postSolution
		{3298C036-2C66-4445-8388-086A9DC290F0}.Debug|Any CPU.ActiveCfg = Debug|Any CPU
		{3298C036-2C66-4445-8388-086A9DC290F0}.Debug|Any CPU.Build.0 = Debug|Any CPU
		{3298C036-2C66-4445-8388-086A9DC290F0}.Release|Any CPU.ActiveCfg = Release|Any CPU
		{3298C036-2C66-4445-8388-086A9DC290F0}.Release|Any CPU.Build.0 = Release|Any CPU
	EndGlobalSection
	GlobalSection(SolutionProperties) = preSolution
		HideSolutionNode = FALSE
	EndGlobalSection
	GlobalSection(ExtensibilityGlobals) = postSolution
		SolutionGuid = {F3A7DD12-6857-406D-B984-C46E5D3AB497}
	EndGlobalSection
EndGlobal
